
Microsoft Visual Studio Solution File, Format Version 12.00
# Visual Studio Version 16
VisualStudioVersion = 16.0.31019.35
MinimumVisualStudioVersion = 10.0.40219.1
Project("{FAE04EC0-301F-11D3-BF4B-00C04F79EFBC}") = "MIN MAX Stack", "MIN MAX Stack\MIN MAX Stack.csproj", "{DA71029F-4FEA-43FB-A1EB-A0E5DABAD37B}"
EndProject
Global
	GlobalSection(SolutionConfigurationPlatforms) = preSolution
		Debug|Any CPU = Debug|Any CPU
		Release|Any CPU = Release|Any CPU
	EndGlobalSection
	GlobalSection(ProjectConfigurationPlatforms) = postSolution
		{DA71029F-4FEA-43FB-A1EB-A0E5DABAD37B}.Debug|Any CPU.ActiveCfg = Debug|Any CPU
		{DA71029F-4FEA-43FB-A1EB-A0E5DABAD37B}.Debug|Any CPU.Build.0 = Debug|Any CPU
		{DA71029F-4FEA-43FB-A1EB-A0E5DABAD37B}.Release|Any CPU.ActiveCfg = Release|Any CPU
		{DA71029F-4FEA-43FB-A1EB-A0E5DABAD37B}.Release|Any CPU.Build.0 = Release|Any CPU
	EndGlobalSection
	GlobalSection(SolutionProperties) = preSolution
		HideSolutionNode = FALSE
	EndGlobalSection
	GlobalSection(ExtensibilityGlobals) = postSolution
		SolutionGuid = {B5CE4919-0518-4583-BB43-DD7F5D82B9E8}
	EndGlobalSection
EndGlobal
